
Microsoft Visual Studio Solution File, Format Version 12.00
# Visual Studio Version 16
VisualStudioVersion = 16.0.31624.102
MinimumVisualStudioVersion = 10.0.40219.1
Project("{FAE04EC0-301F-11D3-BF4B-00C04F79EFBC}") = "IdleonCards", "IdleonCards\IdleonCards.csproj", "{3D471333-73DF-4CA7-88AB-A1588B2AD2A5}"
EndProject
Project("{9A19103F-16F7-4668-BE54-9A1E7A4F7556}") = "TestIdleonCards", "TestIdleonCards\TestIdleonCards.csproj", "{128AD9FE-4D34-4857-9127-DDBAD72FD061}"
EndProject
Project("{2150E333-8FDC-42A3-9474-1A3956D46DE8}") = "Solution Items", "Solution Items", "{541F1B9D-3E77-4630-A636-05B7E401FEE0}"
	ProjectSection(SolutionItems) = preProject
		.gitignore = .gitignore
	EndProjectSection
EndProject
Global
	GlobalSection(SolutionConfigurationPlatforms) = preSolution
		Debug|Any CPU = Debug|Any CPU
		Release|Any CPU = Release|Any CPU
	EndGlobalSection
	GlobalSection(ProjectConfigurationPlatforms) = postSolution
		{3D471333-73DF-4CA7-88AB-A1588B2AD2A5}.Debug|Any CPU.ActiveCfg = Debug|Any CPU
		{3D471333-73DF-4CA7-88AB-A1588B2AD2A5}.Debug|Any CPU.Build.0 = Debug|Any CPU
		{3D471333-73DF-4CA7-88AB-A1588B2AD2A5}.Release|Any CPU.ActiveCfg = Release|Any CPU
		{3D471333-73DF-4CA7-88AB-A1588B2AD2A5}.Release|Any CPU.Build.0 = Release|Any CPU
		{128AD9FE-4D34-4857-9127-DDBAD72FD061}.Debug|Any CPU.ActiveCfg = Debug|Any CPU
		{128AD9FE-4D34-4857-9127-DDBAD72FD061}.Debug|Any CPU.Build.0 = Debug|Any CPU
		{128AD9FE-4D34-4857-9127-DDBAD72FD061}.Release|Any CPU.ActiveCfg = Release|Any CPU
		{128AD9FE-4D34-4857-9127-DDBAD72FD061}.Release|Any CPU.Build.0 = Release|Any CPU
	EndGlobalSection
	GlobalSection(SolutionProperties) = preSolution
		HideSolutionNode = FALSE
	EndGlobalSection
	GlobalSection(ExtensibilityGlobals) = postSolution
		SolutionGuid = {B6825D96-1EE9-47C8-BDBD-0D38AE2B17EB}
	EndGlobalSection
EndGlobal
